// !$*UTF8*$!
{
	archiveVersion = 1;
	classes = {
	};
	objectVersion = 46;
	objects = {

/* Begin PBXBuildFile section */
		16CF0437AF3E4E32CED69CCE /* Pods_HTMLParser_Tests.framework in Frameworks */ = {isa = PBXBuildFile; fileRef = 1E4C84990A15814F8C2A1275 /* Pods_HTMLParser_Tests.framework */; };
		6003F5B0195388D20070C39A /* XCTest.framework in Frameworks */ = {isa = PBXBuildFile; fileRef = 6003F5AF195388D20070C39A /* XCTest.framework */; };
		6003F5B1195388D20070C39A /* Foundation.framework in Frameworks */ = {isa = PBXBuildFile; fileRef = 6003F58D195388D20070C39A /* Foundation.framework */; };
		6003F5B2195388D20070C39A /* UIKit.framework in Frameworks */ = {isa = PBXBuildFile; fileRef = 6003F591195388D20070C39A /* UIKit.framework */; };
		6003F5BA195388D20070C39A /* InfoPlist.strings in Resources */ = {isa = PBXBuildFile; fileRef = 6003F5B8195388D20070C39A /* InfoPlist.strings */; };
		6003F5BC195388D20070C39A /* Tests.m in Sources */ = {isa = PBXBuildFile; fileRef = 6003F5BB195388D20070C39A /* Tests.m */; };
		90B2261D1CB723A600AFFD7E /* main.m in Sources */ = {isa = PBXBuildFile; fileRef = 90B2261C1CB723A600AFFD7E /* main.m */; };
		90B226201CB723A600AFFD7E /* AppDelegate.m in Sources */ = {isa = PBXBuildFile; fileRef = 90B2261F1CB723A600AFFD7E /* AppDelegate.m */; };
		90B226231CB723A600AFFD7E /* ViewController.m in Sources */ = {isa = PBXBuildFile; fileRef = 90B226221CB723A600AFFD7E /* ViewController.m */; };
		90B226261CB723A600AFFD7E /* Main.storyboard in Resources */ = {isa = PBXBuildFile; fileRef = 90B226241CB723A600AFFD7E /* Main.storyboard */; };
		90B226281CB723A600AFFD7E /* Assets.xcassets in Resources */ = {isa = PBXBuildFile; fileRef = 90B226271CB723A600AFFD7E /* Assets.xcassets */; };
		90B2262B1CB723A600AFFD7E /* LaunchScreen.storyboard in Resources */ = {isa = PBXBuildFile; fileRef = 90B226291CB723A600AFFD7E /* LaunchScreen.storyboard */; };
		90B226361CB723A600AFFD7E /* HTMLParser_ExampleTests.m in Sources */ = {isa = PBXBuildFile; fileRef = 90B226351CB723A600AFFD7E /* HTMLParser_ExampleTests.m */; };
		90B226411CB723A600AFFD7E /* HTMLParser_ExampleUITests.m in Sources */ = {isa = PBXBuildFile; fileRef = 90B226401CB723A600AFFD7E /* HTMLParser_ExampleUITests.m */; };
/* End PBXBuildFile section */

/* Begin PBXContainerItemProxy section */
		90B226321CB723A600AFFD7E /* PBXContainerItemProxy */ = {
			isa = PBXContainerItemProxy;
			containerPortal = 6003F582195388D10070C39A /* Project object */;
			proxyType = 1;
			remoteGlobalIDString = 90B226181CB723A400AFFD7E;
			remoteInfo = "HTMLParser-Example";
		};
		90B2263D1CB723A600AFFD7E /* PBXContainerItemProxy */ = {
			isa = PBXContainerItemProxy;
			containerPortal = 6003F582195388D10070C39A /* Project object */;
			proxyType = 1;
			remoteGlobalIDString = 90B226181CB723A400AFFD7E;
			remoteInfo = "HTMLParser-Example";
		};
/* End PBXContainerItemProxy section */

/* Begin PBXFileReference section */
		1E4C84990A15814F8C2A1275 /* Pods_HTMLParser_Tests.framework */ = {isa = PBXFileReference; explicitFileType = wrapper.framework; includeInIndex = 0; path = Pods_HTMLParser_Tests.framework; sourceTree = BUILT_PRODUCTS_DIR; };
		3AE9E07EE6F6C12503D3391A /* Pods-HTMLParser_Tests.release.xcconfig */ = {isa = PBXFileReference; includeInIndex = 1; lastKnownFileType = text.xcconfig; name = "Pods-HTMLParser_Tests.release.xcconfig"; path = "Pods/Target Support Files/Pods-HTMLParser_Tests/Pods-HTMLParser_Tests.release.xcconfig"; sourceTree = "<group>"; };
		5A8B9D1B16833A3C3CF9868F /* Pods-HTMLParser_Tests.debug.xcconfig */ = {isa = PBXFileReference; includeInIndex = 1; lastKnownFileType = text.xcconfig; name = "Pods-HTMLParser_Tests.debug.xcconfig"; path = "Pods/Target Support Files/Pods-HTMLParser_Tests/Pods-HTMLParser_Tests.debug.xcconfig"; sourceTree = "<group>"; };
		6003F58D195388D20070C39A /* Foundation.framework */ = {isa = PBXFileReference; lastKnownFileType = wrapper.framework; name = Foundation.framework; path = System/Library/Frameworks/Foundation.framework; sourceTree = SDKROOT; };
		6003F58F195388D20070C39A /* CoreGraphics.framework */ = {isa = PBXFileReference; lastKnownFileType = wrapper.framework; name = CoreGraphics.framework; path = System/Library/Frameworks/CoreGraphics.framework; sourceTree = SDKROOT; };
		6003F591195388D20070C39A /* UIKit.framework */ = {isa = PBXFileReference; lastKnownFileType = wrapper.framework; name = UIKit.framework; path = System/Library/Frameworks/UIKit.framework; sourceTree = SDKROOT; };
		6003F5AE195388D20070C39A /* Tests.xctest */ = {isa = PBXFileReference; explicitFileType = wrapper.cfbundle; includeInIndex = 0; name = Tests.xctest; path = HTMLParser_Tests.xctest; sourceTree = BUILT_PRODUCTS_DIR; };
		6003F5AF195388D20070C39A /* XCTest.framework */ = {isa = PBXFileReference; lastKnownFileType = wrapper.framework; name = XCTest.framework; path = Library/Frameworks/XCTest.framework; sourceTree = DEVELOPER_DIR; };
		6003F5B7195388D20070C39A /* Tests-Info.plist */ = {isa = PBXFileReference; lastKnownFileType = text.plist.xml; path = "Tests-Info.plist"; sourceTree = "<group>"; };
		6003F5B9195388D20070C39A /* en */ = {isa = PBXFileReference; lastKnownFileType = text.plist.strings; name = en; path = en.lproj/InfoPlist.strings; sourceTree = "<group>"; };
		6003F5BB195388D20070C39A /* Tests.m */ = {isa = PBXFileReference; lastKnownFileType = sourcecode.c.objc; path = Tests.m; sourceTree = "<group>"; };
		606FC2411953D9B200FFA9A0 /* Tests-Prefix.pch */ = {isa = PBXFileReference; lastKnownFileType = sourcecode.c.h; path = "Tests-Prefix.pch"; sourceTree = "<group>"; };
		90B226191CB723A400AFFD7E /* HTMLParser-Example.app */ = {isa = PBXFileReference; explicitFileType = wrapper.application; includeInIndex = 0; path = "HTMLParser-Example.app"; sourceTree = BUILT_PRODUCTS_DIR; };
		90B2261C1CB723A600AFFD7E /* main.m */ = {isa = PBXFileReference; lastKnownFileType = sourcecode.c.objc; path = main.m; sourceTree = "<group>"; };
		90B2261E1CB723A600AFFD7E /* AppDelegate.h */ = {isa = PBXFileReference; lastKnownFileType = sourcecode.c.h; path = AppDelegate.h; sourceTree = "<group>"; };
		90B2261F1CB723A600AFFD7E /* AppDelegate.m */ = {isa = PBXFileReference; lastKnownFileType = sourcecode.c.objc; path = AppDelegate.m; sourceTree = "<group>"; };
		90B226211CB723A600AFFD7E /* ViewController.h */ = {isa = PBXFileReference; lastKnownFileType = sourcecode.c.h; path = ViewController.h; sourceTree = "<group>"; };
		90B226221CB723A600AFFD7E /* ViewController.m */ = {isa = PBXFileReference; lastKnownFileType = sourcecode.c.objc; path = ViewController.m; sourceTree = "<group>"; };
		90B226251CB723A600AFFD7E /* Base */ = {isa = PBXFileReference; lastKnownFileType = file.storyboard; name = Base; path = Base.lproj/Main.storyboard; sourceTree = "<group>"; };
		90B226271CB723A600AFFD7E /* Assets.xcassets */ = {isa = PBXFileReference; lastKnownFileType = folder.assetcatalog; path = Assets.xcassets; sourceTree = "<group>"; };
		90B2262A1CB723A600AFFD7E /* Base */ = {isa = PBXFileReference; lastKnownFileType = file.storyboard; name = Base; path = Base.lproj/LaunchScreen.storyboard; sourceTree = "<group>"; };
		90B2262C1CB723A600AFFD7E /* Info.plist */ = {isa = PBXFileReference; lastKnownFileType = text.plist.xml; path = Info.plist; sourceTree = "<group>"; };
		90B226311CB723A600AFFD7E /* HTMLParser-ExampleTests.xctest */ = {isa = PBXFileReference; explicitFileType = wrapper.cfbundle; includeInIndex = 0; path = "HTMLParser-ExampleTests.xctest"; sourceTree = BUILT_PRODUCTS_DIR; };
		90B226351CB723A600AFFD7E /* HTMLParser_ExampleTests.m */ = {isa = PBXFileReference; lastKnownFileType = sourcecode.c.objc; path = HTMLParser_ExampleTests.m; sourceTree = "<group>"; };
		90B226371CB723A600AFFD7E /* Info.plist */ = {isa = PBXFileReference; lastKnownFileType = text.plist.xml; path = Info.plist; sourceTree = "<group>"; };
		90B2263C1CB723A600AFFD7E /* HTMLParser-ExampleUITests.xctest */ = {isa = PBXFileReference; explicitFileType = wrapper.cfbundle; includeInIndex = 0; path = "HTMLParser-ExampleUITests.xctest"; sourceTree = BUILT_PRODUCTS_DIR; };
		90B226401CB723A600AFFD7E /* HTMLParser_ExampleUITests.m */ = {isa = PBXFileReference; lastKnownFileType = sourcecode.c.objc; path = HTMLParser_ExampleUITests.m; sourceTree = "<group>"; };
		90B226421CB723A600AFFD7E /* Info.plist */ = {isa = PBXFileReference; lastKnownFileType = text.plist.xml; path = Info.plist; sourceTree = "<group>"; };
		A516C0049A7FC02C2F35D943 /* LICENSE */ = {isa = PBXFileReference; includeInIndex = 1; lastKnownFileType = text; name = LICENSE; path = ../LICENSE; sourceTree = "<group>"; };
		B8CCAA72C7968A40B4ACD9B1 /* README.md */ = {isa = PBXFileReference; includeInIndex = 1; lastKnownFileType = net.daringfireball.markdown; name = README.md; path = ../README.md; sourceTree = "<group>"; };
		F7FCA6F4C050CC375420029D /* HTMLParser.podspec */ = {isa = PBXFileReference; includeInIndex = 1; lastKnownFileType = text; name = HTMLParser.podspec; path = ../HTMLParser.podspec; sourceTree = "<group>"; };
/* End PBXFileReference section */

/* Begin PBXFrameworksBuildPhase section */
		6003F5AB195388D20070C39A /* Frameworks */ = {
			isa = PBXFrameworksBuildPhase;
			buildActionMask = 2147483647;
			files = (
				6003F5B0195388D20070C39A /* XCTest.framework in Frameworks */,
				6003F5B2195388D20070C39A /* UIKit.framework in Frameworks */,
				6003F5B1195388D20070C39A /* Foundation.framework in Frameworks */,
				16CF0437AF3E4E32CED69CCE /* Pods_HTMLParser_Tests.framework in Frameworks */,
			);
			runOnlyForDeploymentPostprocessing = 0;
		};
		90B226161CB723A400AFFD7E /* Frameworks */ = {
			isa = PBXFrameworksBuildPhase;
			buildActionMask = 2147483647;
			files = (
			);
			runOnlyForDeploymentPostprocessing = 0;
		};
		90B2262E1CB723A600AFFD7E /* Frameworks */ = {
			isa = PBXFrameworksBuildPhase;
			buildActionMask = 2147483647;
			files = (
			);
			runOnlyForDeploymentPostprocessing = 0;
		};
		90B226391CB723A600AFFD7E /* Frameworks */ = {
			isa = PBXFrameworksBuildPhase;
			buildActionMask = 2147483647;
			files = (
			);
			runOnlyForDeploymentPostprocessing = 0;
		};
/* End PBXFrameworksBuildPhase section */

/* Begin PBXGroup section */
		6003F581195388D10070C39A = {
			isa = PBXGroup;
			children = (
				60FF7A9C1954A5C5007DD14C /* Podspec Metadata */,
				6003F5B5195388D20070C39A /* Tests */,
				90B2261A1CB723A500AFFD7E /* HTMLParser-Example */,
				90B226341CB723A600AFFD7E /* HTMLParser-ExampleTests */,
				90B2263F1CB723A600AFFD7E /* HTMLParser-ExampleUITests */,
				6003F58C195388D20070C39A /* Frameworks */,
				6003F58B195388D20070C39A /* Products */,
				E12A3BC32165E57E6B548F93 /* Pods */,
			);
			sourceTree = "<group>";
		};
		6003F58B195388D20070C39A /* Products */ = {
			isa = PBXGroup;
			children = (
				6003F5AE195388D20070C39A /* Tests.xctest */,
				90B226191CB723A400AFFD7E /* HTMLParser-Example.app */,
				90B226311CB723A600AFFD7E /* HTMLParser-ExampleTests.xctest */,
				90B2263C1CB723A600AFFD7E /* HTMLParser-ExampleUITests.xctest */,
			);
			name = Products;
			sourceTree = "<group>";
		};
		6003F58C195388D20070C39A /* Frameworks */ = {
			isa = PBXGroup;
			children = (
				6003F58D195388D20070C39A /* Foundation.framework */,
				6003F58F195388D20070C39A /* CoreGraphics.framework */,
				6003F591195388D20070C39A /* UIKit.framework */,
				6003F5AF195388D20070C39A /* XCTest.framework */,
				1E4C84990A15814F8C2A1275 /* Pods_HTMLParser_Tests.framework */,
			);
			name = Frameworks;
			sourceTree = "<group>";
		};
		6003F5B5195388D20070C39A /* Tests */ = {
			isa = PBXGroup;
			children = (
				6003F5BB195388D20070C39A /* Tests.m */,
				6003F5B6195388D20070C39A /* Supporting Files */,
			);
			path = Tests;
			sourceTree = "<group>";
		};
		6003F5B6195388D20070C39A /* Supporting Files */ = {
			isa = PBXGroup;
			children = (
				6003F5B7195388D20070C39A /* Tests-Info.plist */,
				6003F5B8195388D20070C39A /* InfoPlist.strings */,
				606FC2411953D9B200FFA9A0 /* Tests-Prefix.pch */,
			);
			name = "Supporting Files";
			sourceTree = "<group>";
		};
		60FF7A9C1954A5C5007DD14C /* Podspec Metadata */ = {
			isa = PBXGroup;
			children = (
				F7FCA6F4C050CC375420029D /* HTMLParser.podspec */,
				B8CCAA72C7968A40B4ACD9B1 /* README.md */,
				A516C0049A7FC02C2F35D943 /* LICENSE */,
			);
			name = "Podspec Metadata";
			sourceTree = "<group>";
		};
		90B2261A1CB723A500AFFD7E /* HTMLParser-Example */ = {
			isa = PBXGroup;
			children = (
				90B2261E1CB723A600AFFD7E /* AppDelegate.h */,
				90B2261F1CB723A600AFFD7E /* AppDelegate.m */,
				90B226211CB723A600AFFD7E /* ViewController.h */,
				90B226221CB723A600AFFD7E /* ViewController.m */,
				90B226241CB723A600AFFD7E /* Main.storyboard */,
				90B226271CB723A600AFFD7E /* Assets.xcassets */,
				90B226291CB723A600AFFD7E /* LaunchScreen.storyboard */,
				90B2262C1CB723A600AFFD7E /* Info.plist */,
				90B2261B1CB723A600AFFD7E /* Supporting Files */,
			);
			path = "HTMLParser-Example";
			sourceTree = "<group>";
		};
		90B2261B1CB723A600AFFD7E /* Supporting Files */ = {
			isa = PBXGroup;
			children = (
				90B2261C1CB723A600AFFD7E /* main.m */,
			);
			name = "Supporting Files";
			sourceTree = "<group>";
		};
		90B226341CB723A600AFFD7E /* HTMLParser-ExampleTests */ = {
			isa = PBXGroup;
			children = (
				90B226351CB723A600AFFD7E /* HTMLParser_ExampleTests.m */,
				90B226371CB723A600AFFD7E /* Info.plist */,
			);
			path = "HTMLParser-ExampleTests";
			sourceTree = "<group>";
		};
		90B2263F1CB723A600AFFD7E /* HTMLParser-ExampleUITests */ = {
			isa = PBXGroup;
			children = (
				90B226401CB723A600AFFD7E /* HTMLParser_ExampleUITests.m */,
				90B226421CB723A600AFFD7E /* Info.plist */,
			);
			path = "HTMLParser-ExampleUITests";
			sourceTree = "<group>";
		};
		E12A3BC32165E57E6B548F93 /* Pods */ = {
			isa = PBXGroup;
			children = (
				5A8B9D1B16833A3C3CF9868F /* Pods-HTMLParser_Tests.debug.xcconfig */,
				3AE9E07EE6F6C12503D3391A /* Pods-HTMLParser_Tests.release.xcconfig */,
			);
			name = Pods;
			sourceTree = "<group>";
		};
/* End PBXGroup section */

/* Begin PBXNativeTarget section */
		6003F5AD195388D20070C39A /* HTMLParser_Tests */ = {
			isa = PBXNativeTarget;
			buildConfigurationList = 6003F5C2195388D20070C39A /* Build configuration list for PBXNativeTarget "HTMLParser_Tests" */;
			buildPhases = (
				2A17FADA7A25D0C0F2A2D26B /* [CP] Check Pods Manifest.lock */,
				6003F5AA195388D20070C39A /* Sources */,
				6003F5AB195388D20070C39A /* Frameworks */,
				6003F5AC195388D20070C39A /* Resources */,
				ED6B102A53900C39208CDFE3 /* [CP] Embed Pods Frameworks */,
				C75C5EC8A8DBD13DC576D544 /* [CP] Copy Pods Resources */,
			);
			buildRules = (
			);
			dependencies = (
			);
			name = HTMLParser_Tests;
			productName = HTMLParserTests;
			productReference = 6003F5AE195388D20070C39A /* Tests.xctest */;
			productType = "com.apple.product-type.bundle.unit-test";
		};
		90B226181CB723A400AFFD7E /* HTMLParser-Example */ = {
			isa = PBXNativeTarget;
			buildConfigurationList = 90B226491CB723A600AFFD7E /* Build configuration list for PBXNativeTarget "HTMLParser-Example" */;
			buildPhases = (
				90B226151CB723A400AFFD7E /* Sources */,
				90B226161CB723A400AFFD7E /* Frameworks */,
				90B226171CB723A400AFFD7E /* Resources */,
			);
			buildRules = (
			);
			dependencies = (
			);
			name = "HTMLParser-Example";
			productName = "HTMLParser-Example";
			productReference = 90B226191CB723A400AFFD7E /* HTMLParser-Example.app */;
			productType = "com.apple.product-type.application";
		};
		90B226301CB723A600AFFD7E /* HTMLParser-ExampleTests */ = {
			isa = PBXNativeTarget;
			buildConfigurationList = 90B2264A1CB723A600AFFD7E /* Build configuration list for PBXNativeTarget "HTMLParser-ExampleTests" */;
			buildPhases = (
				90B2262D1CB723A600AFFD7E /* Sources */,
				90B2262E1CB723A600AFFD7E /* Frameworks */,
				90B2262F1CB723A600AFFD7E /* Resources */,
			);
			buildRules = (
			);
			dependencies = (
				90B226331CB723A600AFFD7E /* PBXTargetDependency */,
			);
			name = "HTMLParser-ExampleTests";
			productName = "HTMLParser-ExampleTests";
			productReference = 90B226311CB723A600AFFD7E /* HTMLParser-ExampleTests.xctest */;
			productType = "com.apple.product-type.bundle.unit-test";
		};
		90B2263B1CB723A600AFFD7E /* HTMLParser-ExampleUITests */ = {
			isa = PBXNativeTarget;
			buildConfigurationList = 90B2264B1CB723A600AFFD7E /* Build configuration list for PBXNativeTarget "HTMLParser-ExampleUITests" */;
			buildPhases = (
				90B226381CB723A600AFFD7E /* Sources */,
				90B226391CB723A600AFFD7E /* Frameworks */,
				90B2263A1CB723A600AFFD7E /* Resources */,
			);
			buildRules = (
			);
			dependencies = (
				90B2263E1CB723A600AFFD7E /* PBXTargetDependency */,
			);
			name = "HTMLParser-ExampleUITests";
			productName = "HTMLParser-ExampleUITests";
			productReference = 90B2263C1CB723A600AFFD7E /* HTMLParser-ExampleUITests.xctest */;
			productType = "com.apple.product-type.bundle.ui-testing";
		};
/* End PBXNativeTarget section */

/* Begin PBXProject section */
		6003F582195388D10070C39A /* Project object */ = {
			isa = PBXProject;
			attributes = {
				CLASSPREFIX = NB;
				LastUpgradeCheck = 0510;
				ORGANIZATIONNAME = nickolanack;
				TargetAttributes = {
					6003F5AD195388D20070C39A = {
						TestTargetID = 6003F589195388D20070C39A;
					};
					90B226181CB723A400AFFD7E = {
						CreatedOnToolsVersion = 7.3;
					};
					90B226301CB723A600AFFD7E = {
						CreatedOnToolsVersion = 7.3;
						TestTargetID = 90B226181CB723A400AFFD7E;
					};
					90B2263B1CB723A600AFFD7E = {
						CreatedOnToolsVersion = 7.3;
						TestTargetID = 90B226181CB723A400AFFD7E;
					};
				};
			};
			buildConfigurationList = 6003F585195388D10070C39A /* Build configuration list for PBXProject "HTMLParser" */;
			compatibilityVersion = "Xcode 3.2";
			developmentRegion = English;
			hasScannedForEncodings = 0;
			knownRegions = (
				en,
				Base,
			);
			mainGroup = 6003F581195388D10070C39A;
			productRefGroup = 6003F58B195388D20070C39A /* Products */;
			projectDirPath = "";
			projectRoot = "";
			targets = (
				6003F5AD195388D20070C39A /* HTMLParser_Tests */,
				90B226181CB723A400AFFD7E /* HTMLParser-Example */,
				90B226301CB723A600AFFD7E /* HTMLParser-ExampleTests */,
				90B2263B1CB723A600AFFD7E /* HTMLParser-ExampleUITests */,
			);
		};
/* End PBXProject section */

/* Begin PBXResourcesBuildPhase section */
		6003F5AC195388D20070C39A /* Resources */ = {
			isa = PBXResourcesBuildPhase;
			buildActionMask = 2147483647;
			files = (
				6003F5BA195388D20070C39A /* InfoPlist.strings in Resources */,
			);
			runOnlyForDeploymentPostprocessing = 0;
		};
		90B226171CB723A400AFFD7E /* Resources */ = {
			isa = PBXResourcesBuildPhase;
			buildActionMask = 2147483647;
			files = (
				90B2262B1CB723A600AFFD7E /* LaunchScreen.storyboard in Resources */,
				90B226281CB723A600AFFD7E /* Assets.xcassets in Resources */,
				90B226261CB723A600AFFD7E /* Main.storyboard in Resources */,
			);
			runOnlyForDeploymentPostprocessing = 0;
		};
		90B2262F1CB723A600AFFD7E /* Resources */ = {
			isa = PBXResourcesBuildPhase;
			buildActionMask = 2147483647;
			files = (
			);
			runOnlyForDeploymentPostprocessing = 0;
		};
		90B2263A1CB723A600AFFD7E /* Resources */ = {
			isa = PBXResourcesBuildPhase;
			buildActionMask = 2147483647;
			files = (
			);
			runOnlyForDeploymentPostprocessing = 0;
		};
/* End PBXResourcesBuildPhase section */

/* Begin PBXShellScriptBuildPhase section */
		2A17FADA7A25D0C0F2A2D26B /* [CP] Check Pods Manifest.lock */ = {
			isa = PBXShellScriptBuildPhase;
			buildActionMask = 2147483647;
			files = (
			);
			inputPaths = (
			);
			name = "[CP] Check Pods Manifest.lock";
			outputPaths = (
			);
			runOnlyForDeploymentPostprocessing = 0;
			shellPath = /bin/sh;
			shellScript = "diff \"${PODS_ROOT}/../Podfile.lock\" \"${PODS_ROOT}/Manifest.lock\" > /dev/null\nif [ $? != 0 ] ; then\n    # print error to STDERR\n    echo \"error: The sandbox is not in sync with the Podfile.lock. Run 'pod install' or update your CocoaPods installation.\" >&2\n    exit 1\nfi\n";
			showEnvVarsInLog = 0;
		};
		C75C5EC8A8DBD13DC576D544 /* [CP] Copy Pods Resources */ = {
			isa = PBXShellScriptBuildPhase;
			buildActionMask = 2147483647;
			files = (
			);
			inputPaths = (
			);
			name = "[CP] Copy Pods Resources";
			outputPaths = (
			);
			runOnlyForDeploymentPostprocessing = 0;
			shellPath = /bin/sh;
			shellScript = "\"${SRCROOT}/Pods/Target Support Files/Pods-HTMLParser_Tests/Pods-HTMLParser_Tests-resources.sh\"\n";
			showEnvVarsInLog = 0;
		};
		ED6B102A53900C39208CDFE3 /* [CP] Embed Pods Frameworks */ = {
			isa = PBXShellScriptBuildPhase;
			buildActionMask = 2147483647;
			files = (
			);
			inputPaths = (
			);
			name = "[CP] Embed Pods Frameworks";
			outputPaths = (
			);
			runOnlyForDeploymentPostprocessing = 0;
			shellPath = /bin/sh;
			shellScript = "\"${SRCROOT}/Pods/Target Support Files/Pods-HTMLParser_Tests/Pods-HTMLParser_Tests-frameworks.sh\"\n";
			showEnvVarsInLog = 0;
		};
/* End PBXShellScriptBuildPhase section */

/* Begin PBXSourcesBuildPhase section */
		6003F5AA195388D20070C39A /* Sources */ = {
			isa = PBXSourcesBuildPhase;
			buildActionMask = 2147483647;
			files = (
				6003F5BC195388D20070C39A /* Tests.m in Sources */,
			);
			runOnlyForDeploymentPostprocessing = 0;
		};
		90B226151CB723A400AFFD7E /* Sources */ = {
			isa = PBXSourcesBuildPhase;
			buildActionMask = 2147483647;
			files = (
				90B226231CB723A600AFFD7E /* ViewController.m in Sources */,
				90B226201CB723A600AFFD7E /* AppDelegate.m in Sources */,
				90B2261D1CB723A600AFFD7E /* main.m in Sources */,
			);
			runOnlyForDeploymentPostprocessing = 0;
		};
		90B2262D1CB723A600AFFD7E /* Sources */ = {
			isa = PBXSourcesBuildPhase;
			buildActionMask = 2147483647;
			files = (
				90B226361CB723A600AFFD7E /* HTMLParser_ExampleTests.m in Sources */,
			);
			runOnlyForDeploymentPostprocessing = 0;
		};
		90B226381CB723A600AFFD7E /* Sources */ = {
			isa = PBXSourcesBuildPhase;
			buildActionMask = 2147483647;
			files = (
				90B226411CB723A600AFFD7E /* HTMLParser_ExampleUITests.m in Sources */,
			);
			runOnlyForDeploymentPostprocessing = 0;
		};
/* End PBXSourcesBuildPhase section */

/* Begin PBXTargetDependency section */
		90B226331CB723A600AFFD7E /* PBXTargetDependency */ = {
			isa = PBXTargetDependency;
			target = 90B226181CB723A400AFFD7E /* HTMLParser-Example */;
			targetProxy = 90B226321CB723A600AFFD7E /* PBXContainerItemProxy */;
		};
		90B2263E1CB723A600AFFD7E /* PBXTargetDependency */ = {
			isa = PBXTargetDependency;
			target = 90B226181CB723A400AFFD7E /* HTMLParser-Example */;
			targetProxy = 90B2263D1CB723A600AFFD7E /* PBXContainerItemProxy */;
		};
/* End PBXTargetDependency section */

/* Begin PBXVariantGroup section */
		6003F5B8195388D20070C39A /* InfoPlist.strings */ = {
			isa = PBXVariantGroup;
			children = (
				6003F5B9195388D20070C39A /* en */,
			);
			name = InfoPlist.strings;
			sourceTree = "<group>";
		};
		90B226241CB723A600AFFD7E /* Main.storyboard */ = {
			isa = PBXVariantGroup;
			children = (
				90B226251CB723A600AFFD7E /* Base */,
			);
			name = Main.storyboard;
			sourceTree = "<group>";
		};
		90B226291CB723A600AFFD7E /* LaunchScreen.storyboard */ = {
			isa = PBXVariantGroup;
			children = (
				90B2262A1CB723A600AFFD7E /* Base */,
			);
			name = LaunchScreen.storyboard;
			sourceTree = "<group>";
		};
/* End PBXVariantGroup section */

/* Begin XCBuildConfiguration section */
		6003F5BD195388D20070C39A /* Debug */ = {
			isa = XCBuildConfiguration;
			buildSettings = {
				ALWAYS_SEARCH_USER_PATHS = NO;
				CLANG_CXX_LANGUAGE_STANDARD = "gnu++0x";
				CLANG_CXX_LIBRARY = "libc++";
				CLANG_ENABLE_MODULES = YES;
				CLANG_ENABLE_OBJC_ARC = YES;
				CLANG_WARN_BOOL_CONVERSION = YES;
				CLANG_WARN_CONSTANT_CONVERSION = YES;
				CLANG_WARN_DIRECT_OBJC_ISA_USAGE = YES_ERROR;
				CLANG_WARN_EMPTY_BODY = YES;
				CLANG_WARN_ENUM_CONVERSION = YES;
				CLANG_WARN_INT_CONVERSION = YES;
				CLANG_WARN_OBJC_ROOT_CLASS = YES_ERROR;
				CLANG_WARN__DUPLICATE_METHOD_MATCH = YES;
				"CODE_SIGN_IDENTITY[sdk=iphoneos*]" = "iPhone Developer";
				COPY_PHASE_STRIP = NO;
				GCC_C_LANGUAGE_STANDARD = gnu99;
				GCC_DYNAMIC_NO_PIC = NO;
				GCC_OPTIMIZATION_LEVEL = 0;
				GCC_PREPROCESSOR_DEFINITIONS = (
					"DEBUG=1",
					"$(inherited)",
				);
				GCC_SYMBOLS_PRIVATE_EXTERN = NO;
				GCC_WARN_64_TO_32_BIT_CONVERSION = YES;
				GCC_WARN_ABOUT_RETURN_TYPE = YES_ERROR;
				GCC_WARN_UNDECLARED_SELECTOR = YES;
				GCC_WARN_UNINITIALIZED_AUTOS = YES_AGGRESSIVE;
				GCC_WARN_UNUSED_FUNCTION = YES;
				GCC_WARN_UNUSED_VARIABLE = YES;
				IPHONEOS_DEPLOYMENT_TARGET = 7.1;
				ONLY_ACTIVE_ARCH = YES;
				SDKROOT = iphoneos;
				TARGETED_DEVICE_FAMILY = "1,2";
			};
			name = Debug;
		};
		6003F5BE195388D20070C39A /* Release */ = {
			isa = XCBuildConfiguration;
			buildSettings = {
				ALWAYS_SEARCH_USER_PATHS = NO;
				CLANG_CXX_LANGUAGE_STANDARD = "gnu++0x";
				CLANG_CXX_LIBRARY = "libc++";
				CLANG_ENABLE_MODULES = YES;
				CLANG_ENABLE_OBJC_ARC = YES;
				CLANG_WARN_BOOL_CONVERSION = YES;
				CLANG_WARN_CONSTANT_CONVERSION = YES;
				CLANG_WARN_DIRECT_OBJC_ISA_USAGE = YES_ERROR;
				CLANG_WARN_EMPTY_BODY = YES;
				CLANG_WARN_ENUM_CONVERSION = YES;
				CLANG_WARN_INT_CONVERSION = YES;
				CLANG_WARN_OBJC_ROOT_CLASS = YES_ERROR;
				CLANG_WARN__DUPLICATE_METHOD_MATCH = YES;
				"CODE_SIGN_IDENTITY[sdk=iphoneos*]" = "iPhone Developer";
				COPY_PHASE_STRIP = YES;
				ENABLE_NS_ASSERTIONS = NO;
				GCC_C_LANGUAGE_STANDARD = gnu99;
				GCC_WARN_64_TO_32_BIT_CONVERSION = YES;
				GCC_WARN_ABOUT_RETURN_TYPE = YES_ERROR;
				GCC_WARN_UNDECLARED_SELECTOR = YES;
				GCC_WARN_UNINITIALIZED_AUTOS = YES_AGGRESSIVE;
				GCC_WARN_UNUSED_FUNCTION = YES;
				GCC_WARN_UNUSED_VARIABLE = YES;
				IPHONEOS_DEPLOYMENT_TARGET = 7.1;
				SDKROOT = iphoneos;
				TARGETED_DEVICE_FAMILY = "1,2";
				VALIDATE_PRODUCT = YES;
			};
			name = Release;
		};
		6003F5C3195388D20070C39A /* Debug */ = {
			isa = XCBuildConfiguration;
			baseConfigurationReference = 5A8B9D1B16833A3C3CF9868F /* Pods-HTMLParser_Tests.debug.xcconfig */;
			buildSettings = {
				FRAMEWORK_SEARCH_PATHS = (
					"$(SDKROOT)/Developer/Library/Frameworks",
					"$(inherited)",
					"$(DEVELOPER_FRAMEWORKS_DIR)",
				);
				GCC_PRECOMPILE_PREFIX_HEADER = YES;
				GCC_PREFIX_HEADER = "Tests/Tests-Prefix.pch";
				GCC_PREPROCESSOR_DEFINITIONS = (
					"DEBUG=1",
					"$(inherited)",
				);
				INFOPLIST_FILE = "Tests/Tests-Info.plist";
				PRODUCT_NAME = "$(TARGET_NAME)";
				TEST_HOST = "$(BUILT_PRODUCTS_DIR)/HTMLParser_Example.app/HTMLParser_Example";
				WRAPPER_EXTENSION = xctest;
			};
			name = Debug;
		};
		6003F5C4195388D20070C39A /* Release */ = {
			isa = XCBuildConfiguration;
			baseConfigurationReference = 3AE9E07EE6F6C12503D3391A /* Pods-HTMLParser_Tests.release.xcconfig */;
			buildSettings = {
				FRAMEWORK_SEARCH_PATHS = (
					"$(SDKROOT)/Developer/Library/Frameworks",
					"$(inherited)",
					"$(DEVELOPER_FRAMEWORKS_DIR)",
				);
				GCC_PRECOMPILE_PREFIX_HEADER = YES;
				GCC_PREFIX_HEADER = "Tests/Tests-Prefix.pch";
				INFOPLIST_FILE = "Tests/Tests-Info.plist";
				PRODUCT_NAME = "$(TARGET_NAME)";
				TEST_HOST = "$(BUILT_PRODUCTS_DIR)/HTMLParser_Example.app/HTMLParser_Example";
				WRAPPER_EXTENSION = xctest;
			};
			name = Release;
		};
		90B226431CB723A600AFFD7E /* Debug */ = {
			isa = XCBuildConfiguration;
			buildSettings = {
				ASSETCATALOG_COMPILER_APPICON_NAME = AppIcon;
				CLANG_ANALYZER_NONNULL = YES;
				CLANG_WARN_UNREACHABLE_CODE = YES;
				DEBUG_INFORMATION_FORMAT = dwarf;
				ENABLE_STRICT_OBJC_MSGSEND = YES;
				ENABLE_TESTABILITY = YES;
				GCC_NO_COMMON_BLOCKS = YES;
				INFOPLIST_FILE = "HTMLParser-Example/Info.plist";
				IPHONEOS_DEPLOYMENT_TARGET = 9.3;
				LD_RUNPATH_SEARCH_PATHS = "$(inherited) @executable_path/Frameworks";
				MTL_ENABLE_DEBUG_INFO = YES;
				PRODUCT_BUNDLE_IDENTIFIER = "Nick-Blackwell.HTMLParser-Example";
				PRODUCT_NAME = "$(TARGET_NAME)";
			};
			name = Debug;
		};
		90B226441CB723A600AFFD7E /* Release */ = {
			isa = XCBuildConfiguration;
			buildSettings = {
				ASSETCATALOG_COMPILER_APPICON_NAME = AppIcon;
				CLANG_ANALYZER_NONNULL = YES;
				CLANG_WARN_UNREACHABLE_CODE = YES;
				COPY_PHASE_STRIP = NO;
				DEBUG_INFORMATION_FORMAT = "dwarf-with-dsym";
				ENABLE_STRICT_OBJC_MSGSEND = YES;
				GCC_NO_COMMON_BLOCKS = YES;
				INFOPLIST_FILE = "HTMLParser-Example/Info.plist";
				IPHONEOS_DEPLOYMENT_TARGET = 9.3;
				LD_RUNPATH_SEARCH_PATHS = "$(inherited) @executable_path/Frameworks";
				MTL_ENABLE_DEBUG_INFO = NO;
				PRODUCT_BUNDLE_IDENTIFIER = "Nick-Blackwell.HTMLParser-Example";
				PRODUCT_NAME = "$(TARGET_NAME)";
			};
			name = Release;
		};
		90B226451CB723A600AFFD7E /* Debug */ = {
			isa = XCBuildConfiguration;
			buildSettings = {
				BUNDLE_LOADER = "$(TEST_HOST)";
				CLANG_ANALYZER_NONNULL = YES;
				CLANG_WARN_UNREACHABLE_CODE = YES;
				DEBUG_INFORMATION_FORMAT = dwarf;
				ENABLE_STRICT_OBJC_MSGSEND = YES;
				ENABLE_TESTABILITY = YES;
				GCC_NO_COMMON_BLOCKS = YES;
				INFOPLIST_FILE = "HTMLParser-ExampleTests/Info.plist";
				IPHONEOS_DEPLOYMENT_TARGET = 9.3;
				LD_RUNPATH_SEARCH_PATHS = "$(inherited) @executable_path/Frameworks @loader_path/Frameworks";
				MTL_ENABLE_DEBUG_INFO = YES;
				PRODUCT_BUNDLE_IDENTIFIER = "Nick-Blackwell.HTMLParser-ExampleTests";
				PRODUCT_NAME = "$(TARGET_NAME)";
				TEST_HOST = "$(BUILT_PRODUCTS_DIR)/HTMLParser-Example.app/HTMLParser-Example";
			};
			name = Debug;
		};
		90B226461CB723A600AFFD7E /* Release */ = {
			isa = XCBuildConfiguration;
			buildSettings = {
				BUNDLE_LOADER = "$(TEST_HOST)";
				CLANG_ANALYZER_NONNULL = YES;
				CLANG_WARN_UNREACHABLE_CODE = YES;
				COPY_PHASE_STRIP = NO;
				DEBUG_INFORMATION_FORMAT = "dwarf-with-dsym";
				ENABLE_STRICT_OBJC_MSGSEND = YES;
				GCC_NO_COMMON_BLOCKS = YES;
				INFOPLIST_FILE = "HTMLParser-ExampleTests/Info.plist";
				IPHONEOS_DEPLOYMENT_TARGET = 9.3;
				LD_RUNPATH_SEARCH_PATHS = "$(inherited) @executable_path/Frameworks @loader_path/Frameworks";
				MTL_ENABLE_DEBUG_INFO = NO;
				PRODUCT_BUNDLE_IDENTIFIER = "Nick-Blackwell.HTMLParser-ExampleTests";
				PRODUCT_NAME = "$(TARGET_NAME)";
				TEST_HOST = "$(BUILT_PRODUCTS_DIR)/HTMLParser-Example.app/HTMLParser-Example";
			};
			name = Release;
		};
		90B226471CB723A600AFFD7E /* Debug */ = {
			isa = XCBuildConfiguration;
			buildSettings = {
				CLANG_ANALYZER_NONNULL = YES;
				CLANG_WARN_UNREACHABLE_CODE = YES;
				DEBUG_INFORMATION_FORMAT = dwarf;
				ENABLE_STRICT_OBJC_MSGSEND = YES;
				ENABLE_TESTABILITY = YES;
				GCC_NO_COMMON_BLOCKS = YES;
				INFOPLIST_FILE = "HTMLParser-ExampleUITests/Info.plist";
				IPHONEOS_DEPLOYMENT_TARGET = 9.3;
				LD_RUNPATH_SEARCH_PATHS = "$(inherited) @executable_path/Frameworks @loader_path/Frameworks";
				MTL_ENABLE_DEBUG_INFO = YES;
				PRODUCT_BUNDLE_IDENTIFIER = "Nick-Blackwell.HTMLParser-ExampleUITests";
				PRODUCT_NAME = "$(TARGET_NAME)";
				TEST_TARGET_NAME = "HTMLParser-Example";
			};
			name = Debug;
		};
		90B226481CB723A600AFFD7E /* Release */ = {
			isa = XCBuildConfiguration;
			buildSettings = {
				CLANG_ANALYZER_NONNULL = YES;
				CLANG_WARN_UNREACHABLE_CODE = YES;
				COPY_PHASE_STRIP = NO;
				DEBUG_INFORMATION_FORMAT = "dwarf-with-dsym";
				ENABLE_STRICT_OBJC_MSGSEND = YES;
				GCC_NO_COMMON_BLOCKS = YES;
				INFOPLIST_FILE = "HTMLParser-ExampleUITests/Info.plist";
				IPHONEOS_DEPLOYMENT_TARGET = 9.3;
				LD_RUNPATH_SEARCH_PATHS = "$(inherited) @executable_path/Frameworks @loader_path/Frameworks";
				MTL_ENABLE_DEBUG_INFO = NO;
				PRODUCT_BUNDLE_IDENTIFIER = "Nick-Blackwell.HTMLParser-ExampleUITests";
				PRODUCT_NAME = "$(TARGET_NAME)";
				TEST_TARGET_NAME = "HTMLParser-Example";
			};
			name = Release;
		};
/* End XCBuildConfiguration section */

/* Begin XCConfigurationList section */
		6003F585195388D10070C39A /* Build configuration list for PBXProject "HTMLParser" */ = {
			isa = XCConfigurationList;
			buildConfigurations = (
				6003F5BD195388D20070C39A /* Debug */,
				6003F5BE195388D20070C39A /* Release */,
			);
			defaultConfigurationIsVisible = 0;
			defaultConfigurationName = Release;
		};
		6003F5C2195388D20070C39A /* Build configuration list for PBXNativeTarget "HTMLParser_Tests" */ = {
			isa = XCConfigurationList;
			buildConfigurations = (
				6003F5C3195388D20070C39A /* Debug */,
				6003F5C4195388D20070C39A /* Release */,
			);
			defaultConfigurationIsVisible = 0;
			defaultConfigurationName = Release;
		};
		90B226491CB723A600AFFD7E /* Build configuration list for PBXNativeTarget "HTMLParser-Example" */ = {
			isa = XCConfigurationList;
			buildConfigurations = (
				90B226431CB723A600AFFD7E /* Debug */,
				90B226441CB723A600AFFD7E /* Release */,
			);
			defaultConfigurationIsVisible = 0;
			defaultConfigurationName = Release;
		};
		90B2264A1CB723A600AFFD7E /* Build configuration list for PBXNativeTarget "HTMLParser-ExampleTests" */ = {
			isa = XCConfigurationList;
			buildConfigurations = (
				90B226451CB723A600AFFD7E /* Debug */,
				90B226461CB723A600AFFD7E /* Release */,
			);
			defaultConfigurationIsVisible = 0;
			defaultConfigurationName = Release;
		};
		90B2264B1CB723A600AFFD7E /* Build configuration list for PBXNativeTarget "HTMLParser-ExampleUITests" */ = {
			isa = XCConfigurationList;
			buildConfigurations = (
				90B226471CB723A600AFFD7E /* Debug */,
				90B226481CB723A600AFFD7E /* Release */,
			);
			defaultConfigurationIsVisible = 0;
			defaultConfigurationName = Release;
		};
/* End XCConfigurationList section */
	};
	rootObject = 6003F582195388D10070C39A /* Project object */;
}
